
Microsoft Visual Studio Solution File, Format Version 12.00
# Visual Studio 15
VisualStudioVersion = 15.0.28010.2046
MinimumVisualStudioVersion = 10.0.40219.1
Project("{9A19103F-16F7-4668-BE54-9A1E7A4F7556}") = "BioskopApp", "BioskopApp\BioskopApp.csproj", "{00FA4D40-0953-4483-B499-0786878027F9}"
EndProject
Global
	GlobalSection(SolutionConfigurationPlatforms) = preSolution
		Debug|Any CPU = Debug|Any CPU
		Release|Any CPU = Release|Any CPU
	EndGlobalSection
	GlobalSection(ProjectConfigurationPlatforms) = postSolution
		{00FA4D40-0953-4483-B499-0786878027F9}.Debug|Any CPU.ActiveCfg = Debug|Any CPU
		{00FA4D40-0953-4483-B499-0786878027F9}.Debug|Any CPU.Build.0 = Debug|Any CPU
		{00FA4D40-0953-4483-B499-0786878027F9}.Release|Any CPU.ActiveCfg = Release|Any CPU
		{00FA4D40-0953-4483-B499-0786878027F9}.Release|Any CPU.Build.0 = Release|Any CPU
	EndGlobalSection
	GlobalSection(SolutionProperties) = preSolution
		HideSolutionNode = FALSE
	EndGlobalSection
	GlobalSection(ExtensibilityGlobals) = postSolution
		SolutionGuid = {FCF553F9-981C-49E6-A805-15321560A176}
	EndGlobalSection
EndGlobal
